version = 1
requires-python = ">=3.12"

[[package]]
name = "blinker"
version = "1.9.0"
source = { registry = "https://pypi.org/simple" }
sdist = { url = "https://files.pythonhosted.org/packages/21/28/9b3f50ce0e048515135495f198351908d99540d69bfdc8c1d15b73dc55ce/blinker-1.9.0.tar.gz", hash = "sha256:b4ce2265a7abece45e7cc896e98dbebe6cead56bcf805a3d23136d145f5445bf", size = 22460 }
wheels = [
    { url = "https://files.pythonhosted.org/packages/10/cb/f2ad4230dc2eb1a74edf38f1a38b9b52277f75bef262d8908e60d957e13c/blinker-1.9.0-py3-none-any.whl", hash = "sha256:ba0efaa9080b619ff2f3459d1d500c57bddea4a6b424b60a91141db6fd2f08bc", size = 8458 },
]

[[package]]
name = "click"
version = "8.1.7"
source = { registry = "https://pypi.org/simple" }
dependencies = [
    { name = "colorama", marker = "sys_platform == 'win32'" },
]
sdist = { url = "https://files.pythonhosted.org/packages/96/d3/f04c7bfcf5c1862a2a5b845c6b2b360488cf47af55dfa79c98f6a6bf98b5/click-8.1.7.tar.gz", hash = "sha256:ca9853ad459e787e2192211578cc907e7594e294c7ccc834310722b41b9ca6de", size = 336121 }
wheels = [
    { url = "https://files.pythonhosted.org/packages/00/2e/d53fa4befbf2cfa713304affc7ca780ce4fc1fd8710527771b58311a3229/click-8.1.7-py3-none-any.whl", hash = "sha256:ae74fb96c20a0277a1d615f1e4d73c8414f5a98db8b799a7931d1582f3390c28", size = 97941 },
]

[[package]]
name = "colorama"
version = "0.4.6"
source = { registry = "https://pypi.org/simple" }
sdist = { url = "https://files.pythonhosted.org/packages/d8/53/6f443c9a4a8358a93a6792e2acffb9d9d5cb0a5cfd8802644b7b1c9a02e4/colorama-0.4.6.tar.gz", hash = "sha256:08695f5cb7ed6e0531a20572697297273c47b8cae5a63ffc6d6ed5c201be6e44", size = 27697 }
wheels = [
    { url = "https://files.pythonhosted.org/packages/d1/d6/3965ed04c63042e047cb6a3e6ed1a63a35087b6a609aa3a15ed8ac56c221/colorama-0.4.6-py2.py3-none-any.whl", hash = "sha256:4f1d9991f5acc0ca119f9d443620b77f9d6b33703e51011c16baf57afb285fc6", size = 25335 },
]

[[package]]
name = "flask"
version = "3.1.0"
source = { registry = "https://pypi.org/simple" }
dependencies = [
    { name = "blinker" },
    { name = "click" },
    { name = "itsdangerous" },
    { name = "jinja2" },
    { name = "werkzeug" },
]
sdist = { url = "https://files.pythonhosted.org/packages/89/50/dff6380f1c7f84135484e176e0cac8690af72fa90e932ad2a0a60e28c69b/flask-3.1.0.tar.gz", hash = "sha256:5f873c5184c897c8d9d1b05df1e3d01b14910ce69607a117bd3277098a5836ac", size = 680824 }
wheels = [
    { url = "https://files.pythonhosted.org/packages/af/47/93213ee66ef8fae3b93b3e29206f6b251e65c97bd91d8e1c5596ef15af0a/flask-3.1.0-py3-none-any.whl", hash = "sha256:d667207822eb83f1c4b50949b1623c8fc8d51f2341d65f72e1a1815397551136", size = 102979 },
]

[[package]]
name = "flask-cors"
version = "5.0.0"
source = { registry = "https://pypi.org/simple" }
dependencies = [
    { name = "flask" },
]
sdist = { url = "https://files.pythonhosted.org/packages/4f/d0/d9e52b154e603b0faccc0b7c2ad36a764d8755ef4036acbf1582a67fb86b/flask_cors-5.0.0.tar.gz", hash = "sha256:5aadb4b950c4e93745034594d9f3ea6591f734bb3662e16e255ffbf5e89c88ef", size = 30954 }
wheels = [
    { url = "https://files.pythonhosted.org/packages/56/07/1afa0514c876282bebc1c9aee83c6bb98fe6415cf57b88d9b06e7e29bf9c/Flask_Cors-5.0.0-py2.py3-none-any.whl", hash = "sha256:b9e307d082a9261c100d8fb0ba909eec6a228ed1b60a8315fd85f783d61910bc", size = 14463 },
]

[[package]]
name = "fuzzywuzzy"
version = "0.18.0"
source = { registry = "https://pypi.org/simple" }
sdist = { url = "https://files.pythonhosted.org/packages/11/4b/0a002eea91be6048a2b5d53c5f1b4dafd57ba2e36eea961d05086d7c28ce/fuzzywuzzy-0.18.0.tar.gz", hash = "sha256:45016e92264780e58972dca1b3d939ac864b78437422beecebb3095f8efd00e8", size = 28888 }
wheels = [
    { url = "https://files.pythonhosted.org/packages/43/ff/74f23998ad2f93b945c0309f825be92e04e0348e062026998b5eefef4c33/fuzzywuzzy-0.18.0-py2.py3-none-any.whl", hash = "sha256:928244b28db720d1e0ee7587acf660ea49d7e4c632569cad4f1cd7e68a5f0993", size = 18272 },
]

[[package]]
name = "gunicorn"
version = "23.0.0"
source = { registry = "https://pypi.org/simple" }
dependencies = [
    { name = "packaging" },
]
sdist = { url = "https://files.pythonhosted.org/packages/34/72/9614c465dc206155d93eff0ca20d42e1e35afc533971379482de953521a4/gunicorn-23.0.0.tar.gz", hash = "sha256:f014447a0101dc57e294f6c18ca6b40227a4c90e9bdb586042628030cba004ec", size = 375031 }
wheels = [
    { url = "https://files.pythonhosted.org/packages/cb/7d/6dac2a6e1eba33ee43f318edbed4ff29151a49b5d37f080aad1e6469bca4/gunicorn-23.0.0-py3-none-any.whl", hash = "sha256:ec400d38950de4dfd418cff8328b2c8faed0edb0d517d3394e457c317908ca4d", size = 85029 },
]

[[package]]
name = "itsdangerous"
version = "2.2.0"
source = { registry = "https://pypi.org/simple" }
sdist = { url = "https://files.pythonhosted.org/packages/9c/cb/8ac0172223afbccb63986cc25049b154ecfb5e85932587206f42317be31d/itsdangerous-2.2.0.tar.gz", hash = "sha256:e0050c0b7da1eea53ffaf149c0cfbb5c6e2e2b69c4bef22c81fa6eb73e5f6173", size = 54410 }
wheels = [
    { url = "https://files.pythonhosted.org/packages/04/96/92447566d16df59b2a776c0fb82dbc4d9e07cd95062562af01e408583fc4/itsdangerous-2.2.0-py3-none-any.whl", hash = "sha256:c6242fc49e35958c8b15141343aa660db5fc54d4f13a1db01a3f5891b98700ef", size = 16234 },
]

[[package]]
name = "jinja2"
version = "3.1.4"
source = { registry = "https://pypi.org/simple" }
dependencies = [
    { name = "markupsafe" },
]
sdist = { url = "https://files.pythonhosted.org/packages/ed/55/39036716d19cab0747a5020fc7e907f362fbf48c984b14e62127f7e68e5d/jinja2-3.1.4.tar.gz", hash = "sha256:4a3aee7acbbe7303aede8e9648d13b8bf88a429282aa6122a993f0ac800cb369", size = 240245 }
wheels = [
    { url = "https://files.pythonhosted.org/packages/31/80/3a54838c3fb461f6fec263ebf3a3a41771bd05190238de3486aae8540c36/jinja2-3.1.4-py3-none-any.whl", hash = "sha256:bc5dd2abb727a5319567b7a813e6a2e7318c39f4f487cfe6c89c6f9c7d25197d", size = 133271 },
]

[[package]]
name = "levenshtein"
version = "0.26.1"
source = { registry = "https://pypi.org/simple" }
dependencies = [
    { name = "rapidfuzz" },
]
sdist = { url = "https://files.pythonhosted.org/packages/97/e6/79807d3b59a67dd78bb77072ca6a28d8db0935161fecf935e6c38c5f6825/levenshtein-0.26.1.tar.gz", hash = "sha256:0d19ba22330d50609b2349021ec3cf7d905c6fe21195a2d0d876a146e7ed2575", size = 374307 }
wheels = [
    { url = "https://files.pythonhosted.org/packages/4c/53/3685ee7fbe9b8eb4b82d8045255e59dd6943f94e8091697ef3808e7ecf63/levenshtein-0.26.1-cp312-cp312-macosx_10_13_x86_64.whl", hash = "sha256:cc741ca406d3704dc331a69c04b061fc952509a069b79cab8287413f434684bd", size = 176447 },
    { url = "https://files.pythonhosted.org/packages/82/7f/7d6fe9b76bd030200f8f9b162f3de862d597804d292af292ec3ce9ae8bee/levenshtein-0.26.1-cp312-cp312-macosx_11_0_arm64.whl", hash = "sha256:821ace3b4e1c2e02b43cf5dc61aac2ea43bdb39837ac890919c225a2c3f2fea4", size = 157589 },
    { url = "https://files.pythonhosted.org/packages/bc/d3/44539e952df93c5d88a95a0edff34af38e4f87330a76e8335bfe2c0f31bf/levenshtein-0.26.1-cp312-cp312-manylinux_2_17_aarch64.manylinux2014_aarch64.whl", hash = "sha256:f92694c9396f55d4c91087efacf81297bef152893806fc54c289fc0254b45384", size = 153306 },
    { url = "https://files.pythonhosted.org/packages/ba/fe/21443c0c50824314e2d2ce7e1e9cd11d21b3643f3c14da156b15b4d399c7/levenshtein-0.26.1-cp312-cp312-manylinux_2_17_ppc64le.manylinux2014_ppc64le.whl", hash = "sha256:51ba374de7a1797d04a14a4f0ad3602d2d71fef4206bb20a6baaa6b6a502da58", size = 184409 },
    { url = "https://files.pythonhosted.org/packages/f0/7b/c95066c64bb18628cf7488e0dd6aec2b7cbda307d93ba9ede68a21af2a7b/levenshtein-0.26.1-cp312-cp312-manylinux_2_17_s390x.manylinux2014_s390x.whl", hash = "sha256:f7aa5c3327dda4ef952769bacec09c09ff5bf426e07fdc94478c37955681885b", size = 193134 },
    { url = "https://files.pythonhosted.org/packages/36/22/5f9760b135bdefb8cf8d663890756136754db03214f929b73185dfa33f05/levenshtein-0.26.1-cp312-cp312-manylinux_2_17_x86_64.manylinux2014_x86_64.whl", hash = "sha256:33e2517e8d3c221de2d1183f400aed64211fcfc77077b291ed9f3bb64f141cdc", size = 162266 },
    { url = "https://files.pythonhosted.org/packages/11/50/6b1a5f3600caae40db0928f6775d7efc62c13dec2407d3d540bc4afdb72c/levenshtein-0.26.1-cp312-cp312-manylinux_2_5_i686.manylinux1_i686.manylinux_2_17_i686.manylinux2014_i686.whl", hash = "sha256:9092b622765c7649dd1d8af0f43354723dd6f4e570ac079ffd90b41033957438", size = 246339 },
    { url = "https://files.pythonhosted.org/packages/26/eb/ede282fcb495570898b39a0d2f21bbc9be5587d604c93a518ece80f3e7dc/levenshtein-0.26.1-cp312-cp312-musllinux_1_2_aarch64.whl", hash = "sha256:fc16796c85d7d8b259881d59cc8b5e22e940901928c2ff6924b2c967924e8a0b", size = 1077937 },
    { url = "https://files.pythonhosted.org/packages/35/41/eebe1c4a75f592d9bdc3c2595418f083bcad747e0aec52a1a9ffaae93f5c/levenshtein-0.26.1-cp312-cp312-musllinux_1_2_i686.whl", hash = "sha256:e4370733967f5994ceeed8dc211089bedd45832ee688cecea17bfd35a9eb22b9", size = 1330607 },
    { url = "https://files.pythonhosted.org/packages/12/8e/4d34b1857adfd69c2a72d84bca1b8538d4cfaaf6fddd8599573f4281a9d1/levenshtein-0.26.1-cp312-cp312-musllinux_1_2_ppc64le.whl", hash = "sha256:3535ecfd88c9b283976b5bc61265855f59bba361881e92ed2b5367b6990c93fe", size = 1197505 },
    { url = "https://files.pythonhosted.org/packages/c0/7b/6afcda1b0a0622cedaa4f7a5b3507c2384a7358fc051ccf619e5d2453bf2/levenshtein-0.26.1-cp312-cp312-musllinux_1_2_s390x.whl", hash = "sha256:90236e93d98bdfd708883a6767826fafd976dac8af8fc4a0fb423d4fa08e1bf0", size = 1352832 },
    { url = "https://files.pythonhosted.org/packages/21/5e/0ed4e7b5c820b6bc40e2c391633292c3666400339042a3d306f0dc8fdcb4/levenshtein-0.26.1-cp312-cp312-musllinux_1_2_x86_64.whl", hash = "sha256:04b7cabb82edf566b1579b3ed60aac0eec116655af75a3c551fee8754ffce2ea", size = 1135970 },
    { url = "https://files.pythonhosted.org/packages/c9/91/3ff1abacb58642749dfd130ad855370e01b9c7aeaa73801964361f6e355f/levenshtein-0.26.1-cp312-cp312-win32.whl", hash = "sha256:ae382af8c76f6d2a040c0d9ca978baf461702ceb3f79a0a3f6da8d596a484c5b", size = 87599 },
    { url = "https://files.pythonhosted.org/packages/7d/f9/727f3ba7843a3fb2a0f3db825358beea2a52bc96258874ee80cb2e5ecabb/levenshtein-0.26.1-cp312-cp312-win_amd64.whl", hash = "sha256:fd091209798cfdce53746f5769987b4108fe941c54fb2e058c016ffc47872918", size = 98809 },
    { url = "https://files.pythonhosted.org/packages/d4/f4/f87f19222d279dbac429b9bc7ccae271d900fd9c48a581b8bc180ba6cd09/levenshtein-0.26.1-cp312-cp312-win_arm64.whl", hash = "sha256:7e82f2ea44a81ad6b30d92a110e04cd3c8c7c6034b629aca30a3067fa174ae89", size = 88227 },
    { url = "https://files.pythonhosted.org/packages/7e/d6/b4b522b94d7b387c023d22944590befc0ac6b766ac6d197afd879ddd77fc/levenshtein-0.26.1-cp313-cp313-macosx_10_13_x86_64.whl", hash = "sha256:790374a9f5d2cbdb30ee780403a62e59bef51453ac020668c1564d1e43438f0e", size = 175836 },
    { url = "https://files.pythonhosted.org/packages/25/76/06d1e26a8e6d0de68ef4a157dd57f6b342413c03550309e4aa095a453b28/levenshtein-0.26.1-cp313-cp313-macosx_11_0_arm64.whl", hash = "sha256:7b05c0415c386d00efda83d48db9db68edd02878d6dbc6df01194f12062be1bb", size = 157036 },
    { url = "https://files.pythonhosted.org/packages/7e/23/21209a9e96b878aede3bea104533866762ba621e36fc344aa080db5feb02/levenshtein-0.26.1-cp313-cp313-manylinux_2_17_aarch64.manylinux2014_aarch64.whl", hash = "sha256:c3114586032361722ddededf28401ce5baf1cf617f9f49fb86b8766a45a423ff", size = 153326 },
    { url = "https://files.pythonhosted.org/packages/06/38/9fc68685fffd8863b13864552eba8f3eb6a82a4dc558bf2c6553c2347d6c/levenshtein-0.26.1-cp313-cp313-manylinux_2_17_ppc64le.manylinux2014_ppc64le.whl", hash = "sha256:2532f8a13b68bf09f152d906f118a88da2063da22f44c90e904b142b0a53d534", size = 183693 },
    { url = "https://files.pythonhosted.org/packages/f6/82/ccd7bdd7d431329da025e649c63b731df44f8cf31b957e269ae1c1dc9a8e/levenshtein-0.26.1-cp313-cp313-manylinux_2_17_s390x.manylinux2014_s390x.whl", hash = "sha256:219c30be6aa734bf927188d1208b7d78d202a3eb017b1c5f01ab2034d2d4ccca", size = 190581 },
    { url = "https://files.pythonhosted.org/packages/6e/c5/57f90b4aea1f89f853872b27a5a5dbce37b89ffeae42c02060b3e82038b2/levenshtein-0.26.1-cp313-cp313-manylinux_2_17_x86_64.manylinux2014_x86_64.whl", hash = "sha256:397e245e77f87836308bd56305bba630010cd8298c34c4c44bd94990cdb3b7b1", size = 162446 },
    { url = "https://files.pythonhosted.org/packages/fc/da/df6acca738921f896ce2d178821be866b43a583f85e2d1de63a4f8f78080/levenshtein-0.26.1-cp313-cp313-manylinux_2_5_i686.manylinux1_i686.manylinux_2_17_i686.manylinux2014_i686.whl", hash = "sha256:aeff6ea3576f72e26901544c6c55c72a7b79b9983b6f913cba0e9edbf2f87a97", size = 247123 },
    { url = "https://files.pythonhosted.org/packages/22/fb/f44a4c0d7784ccd32e4166714fea61e50f62b232162ae16332f45cb55ab2/levenshtein-0.26.1-cp313-cp313-musllinux_1_2_aarch64.whl", hash = "sha256:a19862e3539a697df722a08793994e334cd12791e8144851e8a1dee95a17ff63", size = 1077437 },
    { url = "https://files.pythonhosted.org/packages/f0/5e/d9b9e7daa13cc7e2184a3c2422bb847f05d354ce15ba113b20d83e9ab366/levenshtein-0.26.1-cp313-cp313-musllinux_1_2_i686.whl", hash = "sha256:dc3b5a64f57c3c078d58b1e447f7d68cad7ae1b23abe689215d03fc434f8f176", size = 1330362 },
    { url = "https://files.pythonhosted.org/packages/bf/67/480d85bb516798014a6849be0225b246f35df4b54499c348c9c9e311f936/levenshtein-0.26.1-cp313-cp313-musllinux_1_2_ppc64le.whl", hash = "sha256:bb6c7347424a91317c5e1b68041677e4c8ed3e7823b5bbaedb95bffb3c3497ea", size = 1198721 },
    { url = "https://files.pythonhosted.org/packages/9a/7d/889ff7d86903b6545665655627113d263c88c6d596c68fb09a640ee4f0a7/levenshtein-0.26.1-cp313-cp313-musllinux_1_2_s390x.whl", hash = "sha256:b817376de4195a207cc0e4ca37754c0e1e1078c2a2d35a6ae502afde87212f9e", size = 1351820 },
    { url = "https://files.pythonhosted.org/packages/b9/29/cd42273150f08c200ed2d1879486d73502ee35265f162a77952f101d93a0/levenshtein-0.26.1-cp313-cp313-musllinux_1_2_x86_64.whl", hash = "sha256:7b50c3620ff47c9887debbb4c154aaaac3e46be7fc2e5789ee8dbe128bce6a17", size = 1135747 },
    { url = "https://files.pythonhosted.org/packages/1d/90/cbcfa3dd86023e82036662a19fec2fcb48782d3f9fa322d44dc898d95a5d/levenshtein-0.26.1-cp313-cp313-win32.whl", hash = "sha256:9fb859da90262eb474c190b3ca1e61dee83add022c676520f5c05fdd60df902a", size = 87318 },
    { url = "https://files.pythonhosted.org/packages/83/73/372edebc79fd09a8b2382cf1244d279ada5b795124f1e1c4fc73d9fbb00f/levenshtein-0.26.1-cp313-cp313-win_amd64.whl", hash = "sha256:8adcc90e3a5bfb0a463581d85e599d950fe3c2938ac6247b29388b64997f6e2d", size = 98418 },
    { url = "https://files.pythonhosted.org/packages/b2/6d/f0160ea5a7bb7a62b3b3d56e9fc5024b440cb59555a90be2347abf2e7888/levenshtein-0.26.1-cp313-cp313-win_arm64.whl", hash = "sha256:c2599407e029865dc66d210b8804c7768cbdbf60f061d993bb488d5242b0b73e", size = 87792 },
]

[[package]]
name = "markupsafe"
version = "3.0.2"
source = { registry = "https://pypi.org/simple" }
sdist = { url = "https://files.pythonhosted.org/packages/b2/97/5d42485e71dfc078108a86d6de8fa46db44a1a9295e89c5d6d4a06e23a62/markupsafe-3.0.2.tar.gz", hash = "sha256:ee55d3edf80167e48ea11a923c7386f4669df67d7994554387f84e7d8b0a2bf0", size = 20537 }
wheels = [
    { url = "https://files.pythonhosted.org/packages/22/09/d1f21434c97fc42f09d290cbb6350d44eb12f09cc62c9476effdb33a18aa/MarkupSafe-3.0.2-cp312-cp312-macosx_10_13_universal2.whl", hash = "sha256:9778bd8ab0a994ebf6f84c2b949e65736d5575320a17ae8984a77fab08db94cf", size = 14274 },
    { url = "https://files.pythonhosted.org/packages/6b/b0/18f76bba336fa5aecf79d45dcd6c806c280ec44538b3c13671d49099fdd0/MarkupSafe-3.0.2-cp312-cp312-macosx_11_0_arm64.whl", hash = "sha256:846ade7b71e3536c4e56b386c2a47adf5741d2d8b94ec9dc3e92e5e1ee1e2225", size = 12348 },
    { url = "https://files.pythonhosted.org/packages/e0/25/dd5c0f6ac1311e9b40f4af06c78efde0f3b5cbf02502f8ef9501294c425b/MarkupSafe-3.0.2-cp312-cp312-manylinux_2_17_aarch64.manylinux2014_aarch64.whl", hash = "sha256:1c99d261bd2d5f6b59325c92c73df481e05e57f19837bdca8413b9eac4bd8028", size = 24149 },
    { url = "https://files.pythonhosted.org/packages/f3/f0/89e7aadfb3749d0f52234a0c8c7867877876e0a20b60e2188e9850794c17/MarkupSafe-3.0.2-cp312-cp312-manylinux_2_17_x86_64.manylinux2014_x86_64.whl", hash = "sha256:e17c96c14e19278594aa4841ec148115f9c7615a47382ecb6b82bd8fea3ab0c8", size = 23118 },
    { url = "https://files.pythonhosted.org/packages/d5/da/f2eeb64c723f5e3777bc081da884b414671982008c47dcc1873d81f625b6/MarkupSafe-3.0.2-cp312-cp312-manylinux_2_5_i686.manylinux1_i686.manylinux_2_17_i686.manylinux2014_i686.whl", hash = "sha256:88416bd1e65dcea10bc7569faacb2c20ce071dd1f87539ca2ab364bf6231393c", size = 22993 },
    { url = "https://files.pythonhosted.org/packages/da/0e/1f32af846df486dce7c227fe0f2398dc7e2e51d4a370508281f3c1c5cddc/MarkupSafe-3.0.2-cp312-cp312-musllinux_1_2_aarch64.whl", hash = "sha256:2181e67807fc2fa785d0592dc2d6206c019b9502410671cc905d132a92866557", size = 24178 },
    { url = "https://files.pythonhosted.org/packages/c4/f6/bb3ca0532de8086cbff5f06d137064c8410d10779c4c127e0e47d17c0b71/MarkupSafe-3.0.2-cp312-cp312-musllinux_1_2_i686.whl", hash = "sha256:52305740fe773d09cffb16f8ed0427942901f00adedac82ec8b67752f58a1b22", size = 23319 },
    { url = "https://files.pythonhosted.org/packages/a2/82/8be4c96ffee03c5b4a034e60a31294daf481e12c7c43ab8e34a1453ee48b/MarkupSafe-3.0.2-cp312-cp312-musllinux_1_2_x86_64.whl", hash = "sha256:ad10d3ded218f1039f11a75f8091880239651b52e9bb592ca27de44eed242a48", size = 23352 },
    { url = "https://files.pythonhosted.org/packages/51/ae/97827349d3fcffee7e184bdf7f41cd6b88d9919c80f0263ba7acd1bbcb18/MarkupSafe-3.0.2-cp312-cp312-win32.whl", hash = "sha256:0f4ca02bea9a23221c0182836703cbf8930c5e9454bacce27e767509fa286a30", size = 15097 },
    { url = "https://files.pythonhosted.org/packages/c1/80/a61f99dc3a936413c3ee4e1eecac96c0da5ed07ad56fd975f1a9da5bc630/MarkupSafe-3.0.2-cp312-cp312-win_amd64.whl", hash = "sha256:8e06879fc22a25ca47312fbe7c8264eb0b662f6db27cb2d3bbbc74b1df4b9b87", size = 15601 },
    { url = "https://files.pythonhosted.org/packages/83/0e/67eb10a7ecc77a0c2bbe2b0235765b98d164d81600746914bebada795e97/MarkupSafe-3.0.2-cp313-cp313-macosx_10_13_universal2.whl", hash = "sha256:ba9527cdd4c926ed0760bc301f6728ef34d841f405abf9d4f959c478421e4efd", size = 14274 },
    { url = "https://files.pythonhosted.org/packages/2b/6d/9409f3684d3335375d04e5f05744dfe7e9f120062c9857df4ab490a1031a/MarkupSafe-3.0.2-cp313-cp313-macosx_11_0_arm64.whl", hash = "sha256:f8b3d067f2e40fe93e1ccdd6b2e1d16c43140e76f02fb1319a05cf2b79d99430", size = 12352 },
    { url = "https://files.pythonhosted.org/packages/d2/f5/6eadfcd3885ea85fe2a7c128315cc1bb7241e1987443d78c8fe712d03091/MarkupSafe-3.0.2-cp313-cp313-manylinux_2_17_aarch64.manylinux2014_aarch64.whl", hash = "sha256:569511d3b58c8791ab4c2e1285575265991e6d8f8700c7be0e88f86cb0672094", size = 24122 },
    { url = "https://files.pythonhosted.org/packages/0c/91/96cf928db8236f1bfab6ce15ad070dfdd02ed88261c2afafd4b43575e9e9/MarkupSafe-3.0.2-cp313-cp313-manylinux_2_17_x86_64.manylinux2014_x86_64.whl", hash = "sha256:15ab75ef81add55874e7ab7055e9c397312385bd9ced94920f2802310c930396", size = 23085 },
    { url = "https://files.pythonhosted.org/packages/c2/cf/c9d56af24d56ea04daae7ac0940232d31d5a8354f2b457c6d856b2057d69/MarkupSafe-3.0.2-cp313-cp313-manylinux_2_5_i686.manylinux1_i686.manylinux_2_17_i686.manylinux2014_i686.whl", hash = "sha256:f3818cb119498c0678015754eba762e0d61e5b52d34c8b13d770f0719f7b1d79", size = 22978 },
    { url = "https://files.pythonhosted.org/packages/2a/9f/8619835cd6a711d6272d62abb78c033bda638fdc54c4e7f4272cf1c0962b/MarkupSafe-3.0.2-cp313-cp313-musllinux_1_2_aarch64.whl", hash = "sha256:cdb82a876c47801bb54a690c5ae105a46b392ac6099881cdfb9f6e95e4014c6a", size = 24208 },
    { url = "https://files.pythonhosted.org/packages/f9/bf/176950a1792b2cd2102b8ffeb5133e1ed984547b75db47c25a67d3359f77/MarkupSafe-3.0.2-cp313-cp313-musllinux_1_2_i686.whl", hash = "sha256:cabc348d87e913db6ab4aa100f01b08f481097838bdddf7c7a84b7575b7309ca", size = 23357 },
    { url = "https://files.pythonhosted.org/packages/ce/4f/9a02c1d335caabe5c4efb90e1b6e8ee944aa245c1aaaab8e8a618987d816/MarkupSafe-3.0.2-cp313-cp313-musllinux_1_2_x86_64.whl", hash = "sha256:444dcda765c8a838eaae23112db52f1efaf750daddb2d9ca300bcae1039adc5c", size = 23344 },
    { url = "https://files.pythonhosted.org/packages/ee/55/c271b57db36f748f0e04a759ace9f8f759ccf22b4960c270c78a394f58be/MarkupSafe-3.0.2-cp313-cp313-win32.whl", hash = "sha256:bcf3e58998965654fdaff38e58584d8937aa3096ab5354d493c77d1fdd66d7a1", size = 15101 },
    { url = "https://files.pythonhosted.org/packages/29/88/07df22d2dd4df40aba9f3e402e6dc1b8ee86297dddbad4872bd5e7b0094f/MarkupSafe-3.0.2-cp313-cp313-win_amd64.whl", hash = "sha256:e6a2a455bd412959b57a172ce6328d2dd1f01cb2135efda2e4576e8a23fa3b0f", size = 15603 },
    { url = "https://files.pythonhosted.org/packages/62/6a/8b89d24db2d32d433dffcd6a8779159da109842434f1dd2f6e71f32f738c/MarkupSafe-3.0.2-cp313-cp313t-macosx_10_13_universal2.whl", hash = "sha256:b5a6b3ada725cea8a5e634536b1b01c30bcdcd7f9c6fff4151548d5bf6b3a36c", size = 14510 },
    { url = "https://files.pythonhosted.org/packages/7a/06/a10f955f70a2e5a9bf78d11a161029d278eeacbd35ef806c3fd17b13060d/MarkupSafe-3.0.2-cp313-cp313t-macosx_11_0_arm64.whl", hash = "sha256:a904af0a6162c73e3edcb969eeeb53a63ceeb5d8cf642fade7d39e7963a22ddb", size = 12486 },
    { url = "https://files.pythonhosted.org/packages/34/cf/65d4a571869a1a9078198ca28f39fba5fbb910f952f9dbc5220afff9f5e6/MarkupSafe-3.0.2-cp313-cp313t-manylinux_2_17_aarch64.manylinux2014_aarch64.whl", hash = "sha256:4aa4e5faecf353ed117801a068ebab7b7e09ffb6e1d5e412dc852e0da018126c", size = 25480 },
    { url = "https://files.pythonhosted.org/packages/0c/e3/90e9651924c430b885468b56b3d597cabf6d72be4b24a0acd1fa0e12af67/MarkupSafe-3.0.2-cp313-cp313t-manylinux_2_17_x86_64.manylinux2014_x86_64.whl", hash = "sha256:c0ef13eaeee5b615fb07c9a7dadb38eac06a0608b41570d8ade51c56539e509d", size = 23914 },
    { url = "https://files.pythonhosted.org/packages/66/8c/6c7cf61f95d63bb866db39085150df1f2a5bd3335298f14a66b48e92659c/MarkupSafe-3.0.2-cp313-cp313t-manylinux_2_5_i686.manylinux1_i686.manylinux_2_17_i686.manylinux2014_i686.whl", hash = "sha256:d16a81a06776313e817c951135cf7340a3e91e8c1ff2fac444cfd75fffa04afe", size = 23796 },
    { url = "https://files.pythonhosted.org/packages/bb/35/cbe9238ec3f47ac9a7c8b3df7a808e7cb50fe149dc7039f5f454b3fba218/MarkupSafe-3.0.2-cp313-cp313t-musllinux_1_2_aarch64.whl", hash = "sha256:6381026f158fdb7c72a168278597a5e3a5222e83ea18f543112b2662a9b699c5", size = 25473 },
    { url = "https://files.pythonhosted.org/packages/e6/32/7621a4382488aa283cc05e8984a9c219abad3bca087be9ec77e89939ded9/MarkupSafe-3.0.2-cp313-cp313t-musllinux_1_2_i686.whl", hash = "sha256:3d79d162e7be8f996986c064d1c7c817f6df3a77fe3d6859f6f9e7be4b8c213a", size = 24114 },
    { url = "https://files.pythonhosted.org/packages/0d/80/0985960e4b89922cb5a0bac0ed39c5b96cbc1a536a99f30e8c220a996ed9/MarkupSafe-3.0.2-cp313-cp313t-musllinux_1_2_x86_64.whl", hash = "sha256:131a3c7689c85f5ad20f9f6fb1b866f402c445b220c19fe4308c0b147ccd2ad9", size = 24098 },
    { url = "https://files.pythonhosted.org/packages/82/78/fedb03c7d5380df2427038ec8d973587e90561b2d90cd472ce9254cf348b/MarkupSafe-3.0.2-cp313-cp313t-win32.whl", hash = "sha256:ba8062ed2cf21c07a9e295d5b8a2a5ce678b913b45fdf68c32d95d6c1291e0b6", size = 15208 },
    { url = "https://files.pythonhosted.org/packages/4f/65/6079a46068dfceaeabb5dcad6d674f5f5c61a6fa5673746f42a9f4c233b3/MarkupSafe-3.0.2-cp313-cp313t-win_amd64.whl", hash = "sha256:e444a31f8db13eb18ada366ab3cf45fd4b31e4db1236a4448f68778c1d1a5a2f", size = 15739 },
]

[[package]]
name = "packaging"
version = "25.0"
source = { registry = "https://pypi.org/simple" }
sdist = { url = "https://files.pythonhosted.org/packages/a1/d4/1fc4078c65507b51b96ca8f8c3ba19e6a61c8253c72794544580a7b6c24d/packaging-25.0.tar.gz", hash = "sha256:d443872c98d677bf60f6a1f2f8c1cb748e8fe762d2bf9d3148b5599295b0fc4f", size = 165727 }
wheels = [
    { url = "https://files.pythonhosted.org/packages/20/12/38679034af332785aac8774540895e234f4d07f7545804097de4b666afd8/packaging-25.0-py3-none-any.whl", hash = "sha256:29572ef2b1f17581046b3a2227d5c611fb25ec70ca1ba8554b24b0e69331a484", size = 66469 },
]

[[package]]
name = "python-dotenv"
version = "1.0.1"
source = { registry = "https://pypi.org/simple" }
sdist = { url = "https://files.pythonhosted.org/packages/bc/57/e84d88dfe0aec03b7a2d4327012c1627ab5f03652216c63d49846d7a6c58/python-dotenv-1.0.1.tar.gz", hash = "sha256:e324ee90a023d808f1959c46bcbc04446a10ced277783dc6ee09987c37ec10ca", size = 39115 }
wheels = [
    { url = "https://files.pythonhosted.org/packages/6a/3e/b68c118422ec867fa7ab88444e1274aa40681c606d59ac27de5a5588f082/python_dotenv-1.0.1-py3-none-any.whl", hash = "sha256:f7b63ef50f1b690dddf550d03497b66d609393b40b564ed0d674909a68ebf16a", size = 19863 },
]

[[package]]
name = "python-levenshtein"
version = "0.26.1"
source = { registry = "https://pypi.org/simple" }
dependencies = [
    { name = "levenshtein" },
]
sdist = { url = "https://files.pythonhosted.org/packages/31/72/58d77cb80b3c130d94f53a8204ffad9acfddb925b2fb5818ff9af0b3c832/python_levenshtein-0.26.1.tar.gz", hash = "sha256:24ba578e28058ebb4afa2700057e1678d7adf27e43cd1f17700c09a9009d5d3a", size = 12276 }
wheels = [
    { url = "https://files.pythonhosted.org/packages/0f/d7/03e0453719ed89724664f781f0255949408118093dbf77a2aa2a1198b38e/python_Levenshtein-0.26.1-py3-none-any.whl", hash = "sha256:8ef5e529dd640fb00f05ee62d998d2ee862f19566b641ace775d5ae16167b2ef", size = 9426 },
]

[[package]]
name = "pyyaml"
version = "6.0.2"
source = { registry = "https://pypi.org/simple" }
sdist = { url = "https://files.pythonhosted.org/packages/54/ed/79a089b6be93607fa5cdaedf301d7dfb23af5f25c398d5ead2525b063e17/pyyaml-6.0.2.tar.gz", hash = "sha256:d584d9ec91ad65861cc08d42e834324ef890a082e591037abe114850ff7bbc3e", size = 130631 }
wheels = [
    { url = "https://files.pythonhosted.org/packages/86/0c/c581167fc46d6d6d7ddcfb8c843a4de25bdd27e4466938109ca68492292c/PyYAML-6.0.2-cp312-cp312-macosx_10_9_x86_64.whl", hash = "sha256:c70c95198c015b85feafc136515252a261a84561b7b1d51e3384e0655ddf25ab", size = 183873 },
    { url = "https://files.pythonhosted.org/packages/a8/0c/38374f5bb272c051e2a69281d71cba6fdb983413e6758b84482905e29a5d/PyYAML-6.0.2-cp312-cp312-macosx_11_0_arm64.whl", hash = "sha256:ce826d6ef20b1bc864f0a68340c8b3287705cae2f8b4b1d932177dcc76721725", size = 173302 },
    { url = "https://files.pythonhosted.org/packages/c3/93/9916574aa8c00aa06bbac729972eb1071d002b8e158bd0e83a3b9a20a1f7/PyYAML-6.0.2-cp312-cp312-manylinux_2_17_aarch64.manylinux2014_aarch64.whl", hash = "sha256:1f71ea527786de97d1a0cc0eacd1defc0985dcf6b3f17bb77dcfc8c34bec4dc5", size = 739154 },
    { url = "https://files.pythonhosted.org/packages/95/0f/b8938f1cbd09739c6da569d172531567dbcc9789e0029aa070856f123984/PyYAML-6.0.2-cp312-cp312-manylinux_2_17_s390x.manylinux2014_s390x.whl", hash = "sha256:9b22676e8097e9e22e36d6b7bda33190d0d400f345f23d4065d48f4ca7ae0425", size = 766223 },
    { url = "https://files.pythonhosted.org/packages/b9/2b/614b4752f2e127db5cc206abc23a8c19678e92b23c3db30fc86ab731d3bd/PyYAML-6.0.2-cp312-cp312-manylinux_2_17_x86_64.manylinux2014_x86_64.whl", hash = "sha256:80bab7bfc629882493af4aa31a4cfa43a4c57c83813253626916b8c7ada83476", size = 767542 },
    { url = "https://files.pythonhosted.org/packages/d4/00/dd137d5bcc7efea1836d6264f049359861cf548469d18da90cd8216cf05f/PyYAML-6.0.2-cp312-cp312-musllinux_1_1_aarch64.whl", hash = "sha256:0833f8694549e586547b576dcfaba4a6b55b9e96098b36cdc7ebefe667dfed48", size = 731164 },
    { url = "https://files.pythonhosted.org/packages/c9/1f/4f998c900485e5c0ef43838363ba4a9723ac0ad73a9dc42068b12aaba4e4/PyYAML-6.0.2-cp312-cp312-musllinux_1_1_x86_64.whl", hash = "sha256:8b9c7197f7cb2738065c481a0461e50ad02f18c78cd75775628afb4d7137fb3b", size = 756611 },
    { url = "https://files.pythonhosted.org/packages/df/d1/f5a275fdb252768b7a11ec63585bc38d0e87c9e05668a139fea92b80634c/PyYAML-6.0.2-cp312-cp312-win32.whl", hash = "sha256:ef6107725bd54b262d6dedcc2af448a266975032bc85ef0172c5f059da6325b4", size = 140591 },
    { url = "https://files.pythonhosted.org/packages/0c/e8/4f648c598b17c3d06e8753d7d13d57542b30d56e6c2dedf9c331ae56312e/PyYAML-6.0.2-cp312-cp312-win_amd64.whl", hash = "sha256:7e7401d0de89a9a855c839bc697c079a4af81cf878373abd7dc625847d25cbd8", size = 156338 },
    { url = "https://files.pythonhosted.org/packages/ef/e3/3af305b830494fa85d95f6d95ef7fa73f2ee1cc8ef5b495c7c3269fb835f/PyYAML-6.0.2-cp313-cp313-macosx_10_13_x86_64.whl", hash = "sha256:efdca5630322a10774e8e98e1af481aad470dd62c3170801852d752aa7a783ba", size = 181309 },
    { url = "https://files.pythonhosted.org/packages/45/9f/3b1c20a0b7a3200524eb0076cc027a970d320bd3a6592873c85c92a08731/PyYAML-6.0.2-cp313-cp313-macosx_11_0_arm64.whl", hash = "sha256:50187695423ffe49e2deacb8cd10510bc361faac997de9efef88badc3bb9e2d1", size = 171679 },
    { url = "https://files.pythonhosted.org/packages/7c/9a/337322f27005c33bcb656c655fa78325b730324c78620e8328ae28b64d0c/PyYAML-6.0.2-cp313-cp313-manylinux_2_17_aarch64.manylinux2014_aarch64.whl", hash = "sha256:0ffe8360bab4910ef1b9e87fb812d8bc0a308b0d0eef8c8f44e0254ab3b07133", size = 733428 },
    { url = "https://files.pythonhosted.org/packages/a3/69/864fbe19e6c18ea3cc196cbe5d392175b4cf3d5d0ac1403ec3f2d237ebb5/PyYAML-6.0.2-cp313-cp313-manylinux_2_17_s390x.manylinux2014_s390x.whl", hash = "sha256:17e311b6c678207928d649faa7cb0d7b4c26a0ba73d41e99c4fff6b6c3276484", size = 763361 },
    { url = "https://files.pythonhosted.org/packages/04/24/b7721e4845c2f162d26f50521b825fb061bc0a5afcf9a386840f23ea19fa/PyYAML-6.0.2-cp313-cp313-manylinux_2_17_x86_64.manylinux2014_x86_64.whl", hash = "sha256:70b189594dbe54f75ab3a1acec5f1e3faa7e8cf2f1e08d9b561cb41b845f69d5", size = 759523 },
    { url = "https://files.pythonhosted.org/packages/2b/b2/e3234f59ba06559c6ff63c4e10baea10e5e7df868092bf9ab40e5b9c56b6/PyYAML-6.0.2-cp313-cp313-musllinux_1_1_aarch64.whl", hash = "sha256:41e4e3953a79407c794916fa277a82531dd93aad34e29c2a514c2c0c5fe971cc", size = 726660 },
    { url = "https://files.pythonhosted.org/packages/fe/0f/25911a9f080464c59fab9027482f822b86bf0608957a5fcc6eaac85aa515/PyYAML-6.0.2-cp313-cp313-musllinux_1_1_x86_64.whl", hash = "sha256:68ccc6023a3400877818152ad9a1033e3db8625d899c72eacb5a668902e4d652", size = 751597 },
    { url = "https://files.pythonhosted.org/packages/14/0d/e2c3b43bbce3cf6bd97c840b46088a3031085179e596d4929729d8d68270/PyYAML-6.0.2-cp313-cp313-win32.whl", hash = "sha256:bc2fa7c6b47d6bc618dd7fb02ef6fdedb1090ec036abab80d4681424b84c1183", size = 140527 },
    { url = "https://files.pythonhosted.org/packages/fa/de/02b54f42487e3d3c6efb3f89428677074ca7bf43aae402517bc7cca949f3/PyYAML-6.0.2-cp313-cp313-win_amd64.whl", hash = "sha256:8388ee1976c416731879ac16da0aff3f63b286ffdd57cdeb95f3f2e085687563", size = 156446 },
]

[[package]]
name = "rapidfuzz"
version = "3.11.0"
source = { registry = "https://pypi.org/simple" }
sdist = { url = "https://files.pythonhosted.org/packages/a4/aa/25e5a20131369d82c7b8288c99c2c3011ec47a3f5953ccc9cb8145720be5/rapidfuzz-3.11.0.tar.gz", hash = "sha256:a53ca4d3f52f00b393fab9b5913c5bafb9afc27d030c8a1db1283da6917a860f", size = 57983000 }
wheels = [
    { url = "https://files.pythonhosted.org/packages/c5/54/954ae2dc7dcb53f5f0953379a4a175d9c2f5e393656ab042843e53780d32/rapidfuzz-3.11.0-cp312-cp312-macosx_10_13_x86_64.whl", hash = "sha256:f382fec4a7891d66fb7163c90754454030bb9200a13f82ee7860b6359f3f2fa8", size = 1938694 },
    { url = "https://files.pythonhosted.org/packages/f9/74/4682d3370821db5374c0f192d1e4123598190cb53d88936016187f80f154/rapidfuzz-3.11.0-cp312-cp312-macosx_11_0_arm64.whl", hash = "sha256:dfaefe08af2a928e72344c800dcbaf6508e86a4ed481e28355e8d4b6a6a5230e", size = 1423836 },
    { url = "https://files.pythonhosted.org/packages/e7/78/ce3d72767e186a9deca30dccb5096cfb03ec49e8e3abf2836ab10d1b4f74/rapidfuzz-3.11.0-cp312-cp312-manylinux_2_17_aarch64.manylinux2014_aarch64.whl", hash = "sha256:92ebb7c12f682b5906ed98429f48a3dd80dd0f9721de30c97a01473d1a346576", size = 1393199 },
    { url = "https://files.pythonhosted.org/packages/3c/21/26bdbe846726ff7793789da07e155699cafa3ba3ed3bee86d472b4762121/rapidfuzz-3.11.0-cp312-cp312-manylinux_2_17_i686.manylinux2014_i686.whl", hash = "sha256:9a1b3ebc62d4bcdfdeba110944a25ab40916d5383c5e57e7c4a8dc0b6c17211a", size = 5543400 },
    { url = "https://files.pythonhosted.org/packages/c9/d5/78e922cfbfc67011ecee9f6c2fd630dee68650d23b9ce78316386a3d8c88/rapidfuzz-3.11.0-cp312-cp312-manylinux_2_17_ppc64le.manylinux2014_ppc64le.whl", hash = "sha256:9c6d7fea39cb33e71de86397d38bf7ff1a6273e40367f31d05761662ffda49e4", size = 1642855 },
    { url = "https://files.pythonhosted.org/packages/df/bb/dcf084c03c46968c3fbc52a33f2a725e0b8bb54ed714f0866c7dad747358/rapidfuzz-3.11.0-cp312-cp312-manylinux_2_17_s390x.manylinux2014_s390x.whl", hash = "sha256:99aebef8268f2bc0b445b5640fd3312e080bd17efd3fbae4486b20ac00466308", size = 1669853 },
    { url = "https://files.pythonhosted.org/packages/ec/3a/9aa7a2c5b611e8d465e82c1d5f8278be7335769165f68f3ffc5a169f4a23/rapidfuzz-3.11.0-cp312-cp312-manylinux_2_17_x86_64.manylinux2014_x86_64.whl", hash = "sha256:4469307f464ae3089acf3210b8fc279110d26d10f79e576f385a98f4429f7d97", size = 3129941 },
    { url = "https://files.pythonhosted.org/packages/d3/15/2bbab50a2634b25593e36241ab9629be253b8c6ea28a34ba6b856bfea661/rapidfuzz-3.11.0-cp312-cp312-musllinux_1_2_aarch64.whl", hash = "sha256:eb97c53112b593f89a90b4f6218635a9d1eea1d7f9521a3b7d24864228bbc0aa", size = 2302199 },
    { url = "https://files.pythonhosted.org/packages/c6/7c/e3ed92b89c657348c41708fe3b856ebc982c4b220b47299bdef8da374b20/rapidfuzz-3.11.0-cp312-cp312-musllinux_1_2_i686.whl", hash = "sha256:ef8937dae823b889c0273dfa0f0f6c46a3658ac0d851349c464d1b00e7ff4252", size = 6904702 },
    { url = "https://files.pythonhosted.org/packages/bd/4f/eed77097068bffb692d6389ae19a531c52a896275e9f5c00566207767537/rapidfuzz-3.11.0-cp312-cp312-musllinux_1_2_ppc64le.whl", hash = "sha256:d95f9e9f3777b96241d8a00d6377cc9c716981d828b5091082d0fe3a2924b43e", size = 2679287 },
    { url = "https://files.pythonhosted.org/packages/1f/dc/d2d5dcd5b33a5b394485c67aa13674c8345826af8d3ba0702c06ab2f6430/rapidfuzz-3.11.0-cp312-cp312-musllinux_1_2_s390x.whl", hash = "sha256:b1d67d67f89e4e013a5295e7523bc34a7a96f2dba5dd812c7c8cb65d113cbf28", size = 3224946 },
    { url = "https://files.pythonhosted.org/packages/8f/af/17c0c29ded64e464e626dd43fc2e3028c1fa929d10e8201fb2aec654e5b3/rapidfuzz-3.11.0-cp312-cp312-musllinux_1_2_x86_64.whl", hash = "sha256:d994cf27e2f874069884d9bddf0864f9b90ad201fcc9cb2f5b82bacc17c8d5f2", size = 4144678 },
    { url = "https://files.pythonhosted.org/packages/66/5d/5dc02c87d9a0e64e0abd728d3255ddce8475e06b6be3f732a460f0a360c9/rapidfuzz-3.11.0-cp312-cp312-win32.whl", hash = "sha256:ba26d87fe7fcb56c4a53b549a9e0e9143f6b0df56d35fe6ad800c902447acd5b", size = 1824882 },
    { url = "https://files.pythonhosted.org/packages/b7/da/a37d532cbefd7242191abf18f438b315bf5c72d742f78414a8ec1b7396cf/rapidfuzz-3.11.0-cp312-cp312-win_amd64.whl", hash = "sha256:b1f7efdd7b7adb32102c2fa481ad6f11923e2deb191f651274be559d56fc913b", size = 1606419 },
    { url = "https://files.pythonhosted.org/packages/92/d0/1406d6e110aff87303e98f47adc5e76ef2e69d51cdd08b2d463520158cab/rapidfuzz-3.11.0-cp312-cp312-win_arm64.whl", hash = "sha256:ed78c8e94f57b44292c1a0350f580e18d3a3c5c0800e253f1583580c1b417ad2", size = 858655 },
    { url = "https://files.pythonhosted.org/packages/8a/30/984f1013d28b88304386c8e70b5d63db4765c28be8d9ef68d177c9addc77/rapidfuzz-3.11.0-cp313-cp313-macosx_10_13_x86_64.whl", hash = "sha256:e60814edd0c9b511b5f377d48b9782b88cfe8be07a98f99973669299c8bb318a", size = 1931354 },
    { url = "https://files.pythonhosted.org/packages/a4/8a/41d4f95c5742a8a47c0e96c02957f72f8c34411cecde87fe371d5e09807e/rapidfuzz-3.11.0-cp313-cp313-macosx_11_0_arm64.whl", hash = "sha256:3f28952da055dbfe75828891cd3c9abf0984edc8640573c18b48c14c68ca5e06", size = 1417918 },
    { url = "https://files.pythonhosted.org/packages/e3/26/031ac8366831da6afc5f25462196eab0e0caf9422c83c007307e23a6f010/rapidfuzz-3.11.0-cp313-cp313-manylinux_2_17_aarch64.manylinux2014_aarch64.whl", hash = "sha256:5e8f93bc736020351a6f8e71666e1f486bb8bd5ce8112c443a30c77bfde0eb68", size = 1388327 },
    { url = "https://files.pythonhosted.org/packages/17/1b/927edcd3b540770d3d6d52fe079c6bffdb99e9dfa4b73585bee2a8bd6504/rapidfuzz-3.11.0-cp313-cp313-manylinux_2_17_i686.manylinux2014_i686.whl", hash = "sha256:76a4a11ba8f678c9e5876a7d465ab86def047a4fcc043617578368755d63a1bc", size = 5513214 },
    { url = "https://files.pythonhosted.org/packages/0d/a2/c1e4f35e7bfbbd97a665f8cd119d8bd4a085f1721366cd76582dc022131b/rapidfuzz-3.11.0-cp313-cp313-manylinux_2_17_ppc64le.manylinux2014_ppc64le.whl", hash = "sha256:dc0e0d41ad8a056a9886bac91ff9d9978e54a244deb61c2972cc76b66752de9c", size = 1638560 },
    { url = "https://files.pythonhosted.org/packages/39/3f/6827972efddb1e357a0b6165ae9e310d7dc5c078af3023893365c212641b/rapidfuzz-3.11.0-cp313-cp313-manylinux_2_17_s390x.manylinux2014_s390x.whl", hash = "sha256:5e8ea35f2419c7d56b3e75fbde2698766daedb374f20eea28ac9b1f668ef4f74", size = 1667185 },
    { url = "https://files.pythonhosted.org/packages/cc/5d/6902b93e1273e69ea087afd16e7504099bcb8d712a9f69cb649ea05ca7e1/rapidfuzz-3.11.0-cp313-cp313-manylinux_2_17_x86_64.manylinux2014_x86_64.whl", hash = "sha256:cd340bbd025302276b5aa221dccfe43040c7babfc32f107c36ad783f2ffd8775", size = 3107466 },
    { url = "https://files.pythonhosted.org/packages/a6/02/bdb2048c9b8edf4cd82c2e8f6a8ed9af0fbdf91810ca2b36d1be6fc996d8/rapidfuzz-3.11.0-cp313-cp313-musllinux_1_2_aarch64.whl", hash = "sha256:494eef2c68305ab75139034ea25328a04a548d297712d9cf887bf27c158c388b", size = 2302041 },
    { url = "https://files.pythonhosted.org/packages/12/91/0bbe51e3c15c02578487fd10a14692a40677ea974098d8d376bafd627a89/rapidfuzz-3.11.0-cp313-cp313-musllinux_1_2_i686.whl", hash = "sha256:5a167344c1d6db06915fb0225592afdc24d8bafaaf02de07d4788ddd37f4bc2f", size = 6899969 },
    { url = "https://files.pythonhosted.org/packages/27/9d/09b85adfd5829f60bd6dbe53ba66dad22f93a281d494a5638b5f20fb6a8a/rapidfuzz-3.11.0-cp313-cp313-musllinux_1_2_ppc64le.whl", hash = "sha256:8c7af25bda96ac799378ac8aba54a8ece732835c7b74cfc201b688a87ed11152", size = 2669022 },
    { url = "https://files.pythonhosted.org/packages/cb/07/6fb723963243335c3bf73925914b6998649d642eff550187454d5bb3d077/rapidfuzz-3.11.0-cp313-cp313-musllinux_1_2_s390x.whl", hash = "sha256:d2a0f7e17f33e7890257367a1662b05fecaf56625f7dbb6446227aaa2b86448b", size = 3229475 },
    { url = "https://files.pythonhosted.org/packages/3a/8e/e9af6da2e235aa29ad2bb0a1fc2472b2949ed8d9ff8fb0f05b4bfbbf7675/rapidfuzz-3.11.0-cp313-cp313-musllinux_1_2_x86_64.whl", hash = "sha256:4d0d26c7172bdb64f86ee0765c5b26ea1dc45c52389175888ec073b9b28f4305", size = 4143861 },
    { url = "https://files.pythonhosted.org/packages/fd/d8/4677e36e958b4d95d039d254d597db9c020896c8130911dc36b136373b87/rapidfuzz-3.11.0-cp313-cp313-win32.whl", hash = "sha256:6ad02bab756751c90fa27f3069d7b12146613061341459abf55f8190d899649f", size = 1822624 },
    { url = "https://files.pythonhosted.org/packages/e8/97/1c782140e688ea2c3337d94516c635c575aa39fe62782fd53ad5d2119df4/rapidfuzz-3.11.0-cp313-cp313-win_amd64.whl", hash = "sha256:b1472986fd9c5d318399a01a0881f4a0bf4950264131bb8e2deba9df6d8c362b", size = 1604273 },
    { url = "https://files.pythonhosted.org/packages/a6/83/8b713d50bec947e945a79be47f772484307fc876c426fb26c6f369098389/rapidfuzz-3.11.0-cp313-cp313-win_arm64.whl", hash = "sha256:c408f09649cbff8da76f8d3ad878b64ba7f7abdad1471efb293d2c075e80c822", size = 857385 },
]

[[package]]
name = "recipes"
version = "0.1.0"
source = { virtual = "." }
dependencies = [
    { name = "flask" },
    { name = "flask-cors" },
    { name = "fuzzywuzzy" },
    { name = "gunicorn" },
    { name = "python-dotenv" },
    { name = "python-levenshtein" },
    { name = "pyyaml" },
]

[package.metadata]
requires-dist = [
    { name = "flask", specifier = ">=3.1.0" },
    { name = "flask-cors", specifier = ">=5.0.0" },
    { name = "fuzzywuzzy", specifier = ">=0.18.0" },
    { name = "gunicorn", specifier = ">=23.0.0" },
    { name = "python-dotenv", specifier = ">=1.0.1" },
    { name = "python-levenshtein", specifier = ">=0.26.1" },
    { name = "pyyaml", specifier = ">=6.0.2" },
]

[[package]]
name = "werkzeug"
version = "3.1.3"
source = { registry = "https://pypi.org/simple" }
dependencies = [
    { name = "markupsafe" },
]
sdist = { url = "https://files.pythonhosted.org/packages/9f/69/83029f1f6300c5fb2471d621ab06f6ec6b3324685a2ce0f9777fd4a8b71e/werkzeug-3.1.3.tar.gz", hash = "sha256:60723ce945c19328679790e3282cc758aa4a6040e4bb330f53d30fa546d44746", size = 806925 }
wheels = [
    { url = "https://files.pythonhosted.org/packages/52/24/ab44c871b0f07f491e5d2ad12c9bd7358e527510618cb1b803a88e986db1/werkzeug-3.1.3-py3-none-any.whl", hash = "sha256:54b78bf3716d19a65be4fceccc0d1d7b89e608834989dfae50ea87564639213e", size = 224498 },
]
